
Microsoft Visual Studio Solution File, Format Version 12.00
# Visual Studio Version 16
VisualStudioVersion = 16.0.32002.261
MinimumVisualStudioVersion = 10.0.40219.1
Project("{2150E333-8FDC-42A3-9474-1A3956D46DE8}") = "01-TestesDeUnidade", "01-TestesDeUnidade", "{F39EA15F-2374-481A-8BEF-A082B25E4229}"
EndProject
Project("{2150E333-8FDC-42A3-9474-1A3956D46DE8}") = "1.1 - TestesBasicos", "1.1 - TestesBasicos", "{94E8D946-E011-4D41-BA2A-F63648D3B2A4}"
EndProject
Project("{9A19103F-16F7-4668-BE54-9A1E7A4F7556}") = "Demo", "Demo\Demo.csproj", "{54953F35-C57E-45B1-9EC0-A598ED3B1FAF}"
EndProject
Project("{9A19103F-16F7-4668-BE54-9A1E7A4F7556}") = "Demo.Tests", "Demo.Tests\Demo.Tests.csproj", "{0B5EFFE9-B2BF-456B-AD79-3DB8A960B683}"
EndProject
Project("{FAE04EC0-301F-11D3-BF4B-00C04F79EFBC}") = "Feature", "Feature\Feature.csproj", "{19771ABB-63DB-4459-A3B2-5080ACBCE8A0}"
EndProject
Global
	GlobalSection(SolutionConfigurationPlatforms) = preSolution
		Debug|Any CPU = Debug|Any CPU
		Release|Any CPU = Release|Any CPU
	EndGlobalSection
	GlobalSection(ProjectConfigurationPlatforms) = postSolution
		{54953F35-C57E-45B1-9EC0-A598ED3B1FAF}.Debug|Any CPU.ActiveCfg = Debug|Any CPU
		{54953F35-C57E-45B1-9EC0-A598ED3B1FAF}.Debug|Any CPU.Build.0 = Debug|Any CPU
		{54953F35-C57E-45B1-9EC0-A598ED3B1FAF}.Release|Any CPU.ActiveCfg = Release|Any CPU
		{54953F35-C57E-45B1-9EC0-A598ED3B1FAF}.Release|Any CPU.Build.0 = Release|Any CPU
		{0B5EFFE9-B2BF-456B-AD79-3DB8A960B683}.Debug|Any CPU.ActiveCfg = Debug|Any CPU
		{0B5EFFE9-B2BF-456B-AD79-3DB8A960B683}.Debug|Any CPU.Build.0 = Debug|Any CPU
		{0B5EFFE9-B2BF-456B-AD79-3DB8A960B683}.Release|Any CPU.ActiveCfg = Release|Any CPU
		{0B5EFFE9-B2BF-456B-AD79-3DB8A960B683}.Release|Any CPU.Build.0 = Release|Any CPU
		{19771ABB-63DB-4459-A3B2-5080ACBCE8A0}.Debug|Any CPU.ActiveCfg = Debug|Any CPU
		{19771ABB-63DB-4459-A3B2-5080ACBCE8A0}.Debug|Any CPU.Build.0 = Debug|Any CPU
		{19771ABB-63DB-4459-A3B2-5080ACBCE8A0}.Release|Any CPU.ActiveCfg = Release|Any CPU
		{19771ABB-63DB-4459-A3B2-5080ACBCE8A0}.Release|Any CPU.Build.0 = Release|Any CPU
	EndGlobalSection
	GlobalSection(SolutionProperties) = preSolution
		HideSolutionNode = FALSE
	EndGlobalSection
	GlobalSection(NestedProjects) = preSolution
		{94E8D946-E011-4D41-BA2A-F63648D3B2A4} = {F39EA15F-2374-481A-8BEF-A082B25E4229}
		{54953F35-C57E-45B1-9EC0-A598ED3B1FAF} = {94E8D946-E011-4D41-BA2A-F63648D3B2A4}
		{0B5EFFE9-B2BF-456B-AD79-3DB8A960B683} = {94E8D946-E011-4D41-BA2A-F63648D3B2A4}
		{19771ABB-63DB-4459-A3B2-5080ACBCE8A0} = {94E8D946-E011-4D41-BA2A-F63648D3B2A4}
	EndGlobalSection
	GlobalSection(ExtensibilityGlobals) = postSolution
		SolutionGuid = {9404A2D4-DC29-444C-9E6B-97E794600BED}
	EndGlobalSection
EndGlobal
